
Microsoft Visual Studio Solution File, Format Version 12.00
# Visual Studio Version 17
VisualStudioVersion = 17.14.36811.4 d17.14
MinimumVisualStudioVersion = 10.0.40219.1
Project("{FAE04EC0-301F-11D3-BF4B-00C04F79EFBC}") = "Servus", "Servus/Servus.csproj", "{6C3AB7CF-0C52-4D0D-A805-5E344C2747EE}"
EndProject
Global
	GlobalSection(SolutionConfigurationPlatforms) = preSolution
		Debug|Any CPU = Debug|Any CPU
		Release|Any CPU = Release|Any CPU
	EndGlobalSection
	GlobalSection(ProjectConfigurationPlatforms) = postSolution
		{6C3AB7CF-0C52-4D0D-A805-5E344C2747EE}.Debug|Any CPU.ActiveCfg = Debug|Any CPU
		{6C3AB7CF-0C52-4D0D-A805-5E344C2747EE}.Debug|Any CPU.Build.0 = Debug|Any CPU
		{6C3AB7CF-0C52-4D0D-A805-5E344C2747EE}.Release|Any CPU.ActiveCfg = Release|Any CPU
		{6C3AB7CF-0C52-4D0D-A805-5E344C2747EE}.Release|Any CPU.Build.0 = Release|Any CPU
	EndGlobalSection
	GlobalSection(SolutionProperties) = preSolution
		HideSolutionNode = FALSE
	EndGlobalSection
	GlobalSection(ExtensibilityGlobals) = postSolution
		SolutionGuid = {6512FC38-342C-4AEC-A562-231C6F41F08E}
	EndGlobalSection
EndGlobal
